
Microsoft Visual Studio Solution File, Format Version 12.00
# Visual Studio Version 17
VisualStudioVersion = 17.7.34031.279
MinimumVisualStudioVersion = 10.0.40219.1
Project("{FAE04EC0-301F-11D3-BF4B-00C04F79EFBC}") = "todo", "todo\todo.csproj", "{328904E9-29B7-4897-864A-6887C4B60C33}"
EndProject
Global
	GlobalSection(SolutionConfigurationPlatforms) = preSolution
		Debug|Any CPU = Debug|Any CPU
		Release|Any CPU = Release|Any CPU
	EndGlobalSection
	GlobalSection(ProjectConfigurationPlatforms) = postSolution
		{328904E9-29B7-4897-864A-6887C4B60C33}.Debug|Any CPU.ActiveCfg = Debug|Any CPU
		{328904E9-29B7-4897-864A-6887C4B60C33}.Debug|Any CPU.Build.0 = Debug|Any CPU
		{328904E9-29B7-4897-864A-6887C4B60C33}.Release|Any CPU.ActiveCfg = Release|Any CPU
		{328904E9-29B7-4897-864A-6887C4B60C33}.Release|Any CPU.Build.0 = Release|Any CPU
	EndGlobalSection
	GlobalSection(SolutionProperties) = preSolution
		HideSolutionNode = FALSE
	EndGlobalSection
	GlobalSection(ExtensibilityGlobals) = postSolution
		SolutionGuid = {A76ACE3C-0C00-4683-BB7B-6E06B71DE2B1}
	EndGlobalSection
EndGlobal
